
Microsoft Visual Studio Solution File, Format Version 12.00
# Visual Studio Version 17
VisualStudioVersion = 17.1.31903.286
MinimumVisualStudioVersion = 10.0.40219.1
Project("{9A19103F-16F7-4668-BE54-9A1E7A4F7556}") = "astator.Core", "astator.Core\astator.Core.csproj", "{1686E9D5-76F8-401A-A452-061EA878FB33}"
EndProject
Project("{D954291E-2A0B-460D-934E-DC6B0785DB48}") = "astator.Shared", "astator\astator.Shared\astator.Shared.shproj", "{6279C845-92F8-4333-AB99-3D213163593C}"
EndProject
Project("{2150E333-8FDC-42A3-9474-1A3956D46DE8}") = "Platforms", "Platforms", "{9EA8657E-E084-4B89-885D-6C51A0111116}"
EndProject
Project("{9A19103F-16F7-4668-BE54-9A1E7A4F7556}") = "astator.Mobile", "astator\astator.Mobile\astator.Mobile.csproj", "{602BCE6A-E40F-432E-B074-A18571615483}"
EndProject
Project("{FAE04EC0-301F-11D3-BF4B-00C04F79EFBC}") = "astator.UWP", "astator\astator.UWP\astator.UWP.csproj", "{C3189A75-B285-4F45-A7F9-54DCC164D35B}"
EndProject
Project("{9A19103F-16F7-4668-BE54-9A1E7A4F7556}") = "PaddleOcrBinding", "astator\PaddleOcrBinding\PaddleOcrBinding.csproj", "{35BCB4C4-BEC6-4636-88D2-DC17861E0010}"
EndProject
Global
	GlobalSection(SharedMSBuildProjectFiles) = preSolution
		astator\astator.Shared\astator.Shared.projitems*{602bce6a-e40f-432e-b074-a18571615483}*SharedItemsImports = 5
		astator\astator.Shared\astator.Shared.projitems*{6279c845-92f8-4333-ab99-3d213163593c}*SharedItemsImports = 13
		astator\astator.Shared\astator.Shared.projitems*{c3189a75-b285-4f45-a7f9-54dcc164d35b}*SharedItemsImports = 4
	EndGlobalSection
	GlobalSection(SolutionConfigurationPlatforms) = preSolution
		Debug|Any CPU = Debug|Any CPU
		Debug|ARM = Debug|ARM
		Debug|ARM64 = Debug|ARM64
		Debug|x64 = Debug|x64
		Debug|x86 = Debug|x86
		Release|Any CPU = Release|Any CPU
		Release|ARM = Release|ARM
		Release|ARM64 = Release|ARM64
		Release|x64 = Release|x64
		Release|x86 = Release|x86
	EndGlobalSection
	GlobalSection(ProjectConfigurationPlatforms) = postSolution
		{1686E9D5-76F8-401A-A452-061EA878FB33}.Debug|Any CPU.ActiveCfg = Debug|Any CPU
		{1686E9D5-76F8-401A-A452-061EA878FB33}.Debug|Any CPU.Build.0 = Debug|Any CPU
		{1686E9D5-76F8-401A-A452-061EA878FB33}.Debug|ARM.ActiveCfg = Debug|Any CPU
		{1686E9D5-76F8-401A-A452-061EA878FB33}.Debug|ARM.Build.0 = Debug|Any CPU
		{1686E9D5-76F8-401A-A452-061EA878FB33}.Debug|ARM.Deploy.0 = Debug|Any CPU
		{1686E9D5-76F8-401A-A452-061EA878FB33}.Debug|ARM64.ActiveCfg = Debug|Any CPU
		{1686E9D5-76F8-401A-A452-061EA878FB33}.Debug|ARM64.Build.0 = Debug|Any CPU
		{1686E9D5-76F8-401A-A452-061EA878FB33}.Debug|ARM64.Deploy.0 = Debug|Any CPU
		{1686E9D5-76F8-401A-A452-061EA878FB33}.Debug|x64.ActiveCfg = Debug|Any CPU
		{1686E9D5-76F8-401A-A452-061EA878FB33}.Debug|x64.Build.0 = Debug|Any CPU
		{1686E9D5-76F8-401A-A452-061EA878FB33}.Debug|x64.Deploy.0 = Debug|Any CPU
		{1686E9D5-76F8-401A-A452-061EA878FB33}.Debug|x86.ActiveCfg = Debug|Any CPU
		{1686E9D5-76F8-401A-A452-061EA878FB33}.Debug|x86.Build.0 = Debug|Any CPU
		{1686E9D5-76F8-401A-A452-061EA878FB33}.Debug|x86.Deploy.0 = Debug|Any CPU
		{1686E9D5-76F8-401A-A452-061EA878FB33}.Release|Any CPU.ActiveCfg = Release|Any CPU
		{1686E9D5-76F8-401A-A452-061EA878FB33}.Release|Any CPU.Build.0 = Release|Any CPU
		{1686E9D5-76F8-401A-A452-061EA878FB33}.Release|ARM.ActiveCfg = Release|Any CPU
		{1686E9D5-76F8-401A-A452-061EA878FB33}.Release|ARM.Build.0 = Release|Any CPU
		{1686E9D5-76F8-401A-A452-061EA878FB33}.Release|ARM.Deploy.0 = Release|Any CPU
		{1686E9D5-76F8-401A-A452-061EA878FB33}.Release|ARM64.ActiveCfg = Release|Any CPU
		{1686E9D5-76F8-401A-A452-061EA878FB33}.Release|ARM64.Build.0 = Release|Any CPU
		{1686E9D5-76F8-401A-A452-061EA878FB33}.Release|ARM64.Deploy.0 = Release|Any CPU
		{1686E9D5-76F8-401A-A452-061EA878FB33}.Release|x64.ActiveCfg = Release|Any CPU
		{1686E9D5-76F8-401A-A452-061EA878FB33}.Release|x64.Build.0 = Release|Any CPU
		{1686E9D5-76F8-401A-A452-061EA878FB33}.Release|x64.Deploy.0 = Release|Any CPU
		{1686E9D5-76F8-401A-A452-061EA878FB33}.Release|x86.ActiveCfg = Release|Any CPU
		{1686E9D5-76F8-401A-A452-061EA878FB33}.Release|x86.Build.0 = Release|Any CPU
		{1686E9D5-76F8-401A-A452-061EA878FB33}.Release|x86.Deploy.0 = Release|Any CPU
		{602BCE6A-E40F-432E-B074-A18571615483}.Debug|Any CPU.ActiveCfg = Debug|Any CPU
		{602BCE6A-E40F-432E-B074-A18571615483}.Debug|Any CPU.Build.0 = Debug|Any CPU
		{602BCE6A-E40F-432E-B074-A18571615483}.Debug|Any CPU.Deploy.0 = Debug|Any CPU
		{602BCE6A-E40F-432E-B074-A18571615483}.Debug|ARM.ActiveCfg = Debug|Any CPU
		{602BCE6A-E40F-432E-B074-A18571615483}.Debug|ARM.Build.0 = Debug|Any CPU
		{602BCE6A-E40F-432E-B074-A18571615483}.Debug|ARM.Deploy.0 = Debug|Any CPU
		{602BCE6A-E40F-432E-B074-A18571615483}.Debug|ARM64.ActiveCfg = Debug|Any CPU
		{602BCE6A-E40F-432E-B074-A18571615483}.Debug|ARM64.Build.0 = Debug|Any CPU
		{602BCE6A-E40F-432E-B074-A18571615483}.Debug|ARM64.Deploy.0 = Debug|Any CPU
		{602BCE6A-E40F-432E-B074-A18571615483}.Debug|x64.ActiveCfg = Debug|Any CPU
		{602BCE6A-E40F-432E-B074-A18571615483}.Debug|x64.Build.0 = Debug|Any CPU
		{602BCE6A-E40F-432E-B074-A18571615483}.Debug|x64.Deploy.0 = Debug|Any CPU
		{602BCE6A-E40F-432E-B074-A18571615483}.Debug|x86.ActiveCfg = Debug|Any CPU
		{602BCE6A-E40F-432E-B074-A18571615483}.Debug|x86.Build.0 = Debug|Any CPU
		{602BCE6A-E40F-432E-B074-A18571615483}.Debug|x86.Deploy.0 = Debug|Any CPU
		{602BCE6A-E40F-432E-B074-A18571615483}.Release|Any CPU.ActiveCfg = Release|Any CPU
		{602BCE6A-E40F-432E-B074-A18571615483}.Release|Any CPU.Build.0 = Release|Any CPU
		{602BCE6A-E40F-432E-B074-A18571615483}.Release|Any CPU.Deploy.0 = Release|Any CPU
		{602BCE6A-E40F-432E-B074-A18571615483}.Release|ARM.ActiveCfg = Release|Any CPU
		{602BCE6A-E40F-432E-B074-A18571615483}.Release|ARM.Build.0 = Release|Any CPU
		{602BCE6A-E40F-432E-B074-A18571615483}.Release|ARM.Deploy.0 = Release|Any CPU
		{602BCE6A-E40F-432E-B074-A18571615483}.Release|ARM64.ActiveCfg = Release|Any CPU
		{602BCE6A-E40F-432E-B074-A18571615483}.Release|ARM64.Build.0 = Release|Any CPU
		{602BCE6A-E40F-432E-B074-A18571615483}.Release|ARM64.Deploy.0 = Release|Any CPU
		{602BCE6A-E40F-432E-B074-A18571615483}.Release|x64.ActiveCfg = Release|Any CPU
		{602BCE6A-E40F-432E-B074-A18571615483}.Release|x64.Build.0 = Release|Any CPU
		{602BCE6A-E40F-432E-B074-A18571615483}.Release|x64.Deploy.0 = Release|Any CPU
		{602BCE6A-E40F-432E-B074-A18571615483}.Release|x86.ActiveCfg = Release|Any CPU
		{602BCE6A-E40F-432E-B074-A18571615483}.Release|x86.Build.0 = Release|Any CPU
		{602BCE6A-E40F-432E-B074-A18571615483}.Release|x86.Deploy.0 = Release|Any CPU
		{C3189A75-B285-4F45-A7F9-54DCC164D35B}.Debug|Any CPU.ActiveCfg = Debug|x64
		{C3189A75-B285-4F45-A7F9-54DCC164D35B}.Debug|ARM.ActiveCfg = Debug|ARM
		{C3189A75-B285-4F45-A7F9-54DCC164D35B}.Debug|ARM.Build.0 = Debug|ARM
		{C3189A75-B285-4F45-A7F9-54DCC164D35B}.Debug|ARM.Deploy.0 = Debug|ARM
		{C3189A75-B285-4F45-A7F9-54DCC164D35B}.Debug|ARM64.ActiveCfg = Debug|ARM64
		{C3189A75-B285-4F45-A7F9-54DCC164D35B}.Debug|ARM64.Build.0 = Debug|ARM64
		{C3189A75-B285-4F45-A7F9-54DCC164D35B}.Debug|ARM64.Deploy.0 = Debug|ARM64
		{C3189A75-B285-4F45-A7F9-54DCC164D35B}.Debug|x64.ActiveCfg = Debug|x64
		{C3189A75-B285-4F45-A7F9-54DCC164D35B}.Debug|x64.Build.0 = Debug|x64
		{C3189A75-B285-4F45-A7F9-54DCC164D35B}.Debug|x64.Deploy.0 = Debug|x64
		{C3189A75-B285-4F45-A7F9-54DCC164D35B}.Debug|x86.ActiveCfg = Debug|x86
		{C3189A75-B285-4F45-A7F9-54DCC164D35B}.Debug|x86.Build.0 = Debug|x86
		{C3189A75-B285-4F45-A7F9-54DCC164D35B}.Debug|x86.Deploy.0 = Debug|x86
		{C3189A75-B285-4F45-A7F9-54DCC164D35B}.Release|Any CPU.ActiveCfg = Release|x64
		{C3189A75-B285-4F45-A7F9-54DCC164D35B}.Release|Any CPU.Build.0 = Release|x64
		{C3189A75-B285-4F45-A7F9-54DCC164D35B}.Release|Any CPU.Deploy.0 = Release|x64
		{C3189A75-B285-4F45-A7F9-54DCC164D35B}.Release|ARM.ActiveCfg = Release|ARM
		{C3189A75-B285-4F45-A7F9-54DCC164D35B}.Release|ARM.Build.0 = Release|ARM
		{C3189A75-B285-4F45-A7F9-54DCC164D35B}.Release|ARM.Deploy.0 = Release|ARM
		{C3189A75-B285-4F45-A7F9-54DCC164D35B}.Release|ARM64.ActiveCfg = Release|ARM64
		{C3189A75-B285-4F45-A7F9-54DCC164D35B}.Release|ARM64.Build.0 = Release|ARM64
		{C3189A75-B285-4F45-A7F9-54DCC164D35B}.Release|ARM64.Deploy.0 = Release|ARM64
		{C3189A75-B285-4F45-A7F9-54DCC164D35B}.Release|x64.ActiveCfg = Release|x64
		{C3189A75-B285-4F45-A7F9-54DCC164D35B}.Release|x64.Build.0 = Release|x64
		{C3189A75-B285-4F45-A7F9-54DCC164D35B}.Release|x64.Deploy.0 = Release|x64
		{C3189A75-B285-4F45-A7F9-54DCC164D35B}.Release|x86.ActiveCfg = Release|x86
		{C3189A75-B285-4F45-A7F9-54DCC164D35B}.Release|x86.Build.0 = Release|x86
		{C3189A75-B285-4F45-A7F9-54DCC164D35B}.Release|x86.Deploy.0 = Release|x86
		{35BCB4C4-BEC6-4636-88D2-DC17861E0010}.Debug|Any CPU.ActiveCfg = Debug|Any CPU
		{35BCB4C4-BEC6-4636-88D2-DC17861E0010}.Debug|Any CPU.Build.0 = Debug|Any CPU
		{35BCB4C4-BEC6-4636-88D2-DC17861E0010}.Debug|ARM.ActiveCfg = Debug|Any CPU
		{35BCB4C4-BEC6-4636-88D2-DC17861E0010}.Debug|ARM.Build.0 = Debug|Any CPU
		{35BCB4C4-BEC6-4636-88D2-DC17861E0010}.Debug|ARM.Deploy.0 = Debug|Any CPU
		{35BCB4C4-BEC6-4636-88D2-DC17861E0010}.Debug|ARM64.ActiveCfg = Debug|Any CPU
		{35BCB4C4-BEC6-4636-88D2-DC17861E0010}.Debug|ARM64.Build.0 = Debug|Any CPU
		{35BCB4C4-BEC6-4636-88D2-DC17861E0010}.Debug|ARM64.Deploy.0 = Debug|Any CPU
		{35BCB4C4-BEC6-4636-88D2-DC17861E0010}.Debug|x64.ActiveCfg = Debug|Any CPU
		{35BCB4C4-BEC6-4636-88D2-DC17861E0010}.Debug|x64.Build.0 = Debug|Any CPU
		{35BCB4C4-BEC6-4636-88D2-DC17861E0010}.Debug|x64.Deploy.0 = Debug|Any CPU
		{35BCB4C4-BEC6-4636-88D2-DC17861E0010}.Debug|x86.ActiveCfg = Debug|Any CPU
		{35BCB4C4-BEC6-4636-88D2-DC17861E0010}.Debug|x86.Build.0 = Debug|Any CPU
		{35BCB4C4-BEC6-4636-88D2-DC17861E0010}.Debug|x86.Deploy.0 = Debug|Any CPU
		{35BCB4C4-BEC6-4636-88D2-DC17861E0010}.Release|Any CPU.ActiveCfg = Release|Any CPU
		{35BCB4C4-BEC6-4636-88D2-DC17861E0010}.Release|Any CPU.Build.0 = Release|Any CPU
		{35BCB4C4-BEC6-4636-88D2-DC17861E0010}.Release|Any CPU.Deploy.0 = Release|Any CPU
		{35BCB4C4-BEC6-4636-88D2-DC17861E0010}.Release|ARM.ActiveCfg = Release|Any CPU
		{35BCB4C4-BEC6-4636-88D2-DC17861E0010}.Release|ARM.Build.0 = Release|Any CPU
		{35BCB4C4-BEC6-4636-88D2-DC17861E0010}.Release|ARM.Deploy.0 = Release|Any CPU
		{35BCB4C4-BEC6-4636-88D2-DC17861E0010}.Release|ARM64.ActiveCfg = Release|Any CPU
		{35BCB4C4-BEC6-4636-88D2-DC17861E0010}.Release|ARM64.Build.0 = Release|Any CPU
		{35BCB4C4-BEC6-4636-88D2-DC17861E0010}.Release|ARM64.Deploy.0 = Release|Any CPU
		{35BCB4C4-BEC6-4636-88D2-DC17861E0010}.Release|x64.ActiveCfg = Release|Any CPU
		{35BCB4C4-BEC6-4636-88D2-DC17861E0010}.Release|x64.Build.0 = Release|Any CPU
		{35BCB4C4-BEC6-4636-88D2-DC17861E0010}.Release|x64.Deploy.0 = Release|Any CPU
		{35BCB4C4-BEC6-4636-88D2-DC17861E0010}.Release|x86.ActiveCfg = Release|Any CPU
		{35BCB4C4-BEC6-4636-88D2-DC17861E0010}.Release|x86.Build.0 = Release|Any CPU
		{35BCB4C4-BEC6-4636-88D2-DC17861E0010}.Release|x86.Deploy.0 = Release|Any CPU
	EndGlobalSection
	GlobalSection(SolutionProperties) = preSolution
		HideSolutionNode = FALSE
	EndGlobalSection
	GlobalSection(NestedProjects) = preSolution
		{602BCE6A-E40F-432E-B074-A18571615483} = {9EA8657E-E084-4B89-885D-6C51A0111116}
		{C3189A75-B285-4F45-A7F9-54DCC164D35B} = {9EA8657E-E084-4B89-885D-6C51A0111116}
		{35BCB4C4-BEC6-4636-88D2-DC17861E0010} = {9EA8657E-E084-4B89-885D-6C51A0111116}
	EndGlobalSection
	GlobalSection(ExtensibilityGlobals) = postSolution
		SolutionGuid = {5EC10676-714D-4A88-AE8C-79DAB8F783B4}
	EndGlobalSection
EndGlobal
