
Microsoft Visual Studio Solution File, Format Version 12.00
# Visual Studio Version 17
VisualStudioVersion = 17.1.31903.286
MinimumVisualStudioVersion = 10.0.40219.1
Project("{9A19103F-16F7-4668-BE54-9A1E7A4F7556}") = "astator", "astator\astator.csproj", "{B89A4DDF-AEB3-49ED-AFCE-4E2D6C2C244C}"
EndProject
Project("{9A19103F-16F7-4668-BE54-9A1E7A4F7556}") = "PaddleOcrBinding", "library\3rdparty\PaddleOcrBinding\PaddleOcrBinding.csproj", "{F4AEE773-B1D2-4CAA-8175-D11943DB7AC7}"
EndProject
Project("{2150E333-8FDC-42A3-9474-1A3956D46DE8}") = "Obfuscar", "Obfuscar", "{3B1CBA78-7756-4FE2-A24C-A0655AC3D3E9}"
EndProject
Project("{9A19103F-16F7-4668-BE54-9A1E7A4F7556}") = "Baml", "library\3rdparty\Obfuscar\Baml\Baml.csproj", "{CDDEEA7B-3A95-4DD3-B85B-61C4118298AE}"
EndProject
Project("{9A19103F-16F7-4668-BE54-9A1E7A4F7556}") = "Obfuscar", "library\3rdparty\Obfuscar\Obfuscar\Obfuscar.csproj", "{CEA1709C-8385-41D7-A699-D76BB66045F8}"
EndProject
Project("{9A19103F-16F7-4668-BE54-9A1E7A4F7556}") = "ApkBuilderBinding", "library\3rdparty\ApkBuilderBinding\ApkBuilderBinding.csproj", "{65283CCC-9807-4A00-8F07-F34C9E5B4D48}"
EndProject
Project("{2150E333-8FDC-42A3-9474-1A3956D46DE8}") = "library", "library", "{F623A1BD-2203-48F5-BD56-0376F3A0DA4A}"
EndProject
Project("{9A19103F-16F7-4668-BE54-9A1E7A4F7556}") = "astator.ApkBuilder", "library\astator.ApkBuilder\astator.ApkBuilder.csproj", "{BF1D65D1-7166-4AB8-843A-087C006DC2B3}"
EndProject
Project("{9A19103F-16F7-4668-BE54-9A1E7A4F7556}") = "astator.Core", "library\astator.Core\astator.Core.csproj", "{03A3212B-9854-4818-8E3C-820EF3BB4BA7}"
EndProject
Project("{2150E333-8FDC-42A3-9474-1A3956D46DE8}") = "3rdparty", "3rdparty", "{16CE119A-7F4A-45F7-9EA9-4955B5D6C0C5}"
EndProject
Global
	GlobalSection(SolutionConfigurationPlatforms) = preSolution
		Debug|Any CPU = Debug|Any CPU
		Debug|ARM = Debug|ARM
		Debug|ARM64 = Debug|ARM64
		Debug|x64 = Debug|x64
		Debug|x86 = Debug|x86
		Release|Any CPU = Release|Any CPU
		Release|ARM = Release|ARM
		Release|ARM64 = Release|ARM64
		Release|x64 = Release|x64
		Release|x86 = Release|x86
	EndGlobalSection
	GlobalSection(ProjectConfigurationPlatforms) = postSolution
		{B89A4DDF-AEB3-49ED-AFCE-4E2D6C2C244C}.Debug|Any CPU.ActiveCfg = Debug|Any CPU
		{B89A4DDF-AEB3-49ED-AFCE-4E2D6C2C244C}.Debug|Any CPU.Build.0 = Debug|Any CPU
		{B89A4DDF-AEB3-49ED-AFCE-4E2D6C2C244C}.Debug|Any CPU.Deploy.0 = Debug|Any CPU
		{B89A4DDF-AEB3-49ED-AFCE-4E2D6C2C244C}.Debug|ARM.ActiveCfg = Debug|Any CPU
		{B89A4DDF-AEB3-49ED-AFCE-4E2D6C2C244C}.Debug|ARM.Build.0 = Debug|Any CPU
		{B89A4DDF-AEB3-49ED-AFCE-4E2D6C2C244C}.Debug|ARM.Deploy.0 = Debug|Any CPU
		{B89A4DDF-AEB3-49ED-AFCE-4E2D6C2C244C}.Debug|ARM64.ActiveCfg = Debug|Any CPU
		{B89A4DDF-AEB3-49ED-AFCE-4E2D6C2C244C}.Debug|ARM64.Build.0 = Debug|Any CPU
		{B89A4DDF-AEB3-49ED-AFCE-4E2D6C2C244C}.Debug|ARM64.Deploy.0 = Debug|Any CPU
		{B89A4DDF-AEB3-49ED-AFCE-4E2D6C2C244C}.Debug|x64.ActiveCfg = Debug|Any CPU
		{B89A4DDF-AEB3-49ED-AFCE-4E2D6C2C244C}.Debug|x64.Build.0 = Debug|Any CPU
		{B89A4DDF-AEB3-49ED-AFCE-4E2D6C2C244C}.Debug|x64.Deploy.0 = Debug|Any CPU
		{B89A4DDF-AEB3-49ED-AFCE-4E2D6C2C244C}.Debug|x86.ActiveCfg = Debug|Any CPU
		{B89A4DDF-AEB3-49ED-AFCE-4E2D6C2C244C}.Debug|x86.Build.0 = Debug|Any CPU
		{B89A4DDF-AEB3-49ED-AFCE-4E2D6C2C244C}.Debug|x86.Deploy.0 = Debug|Any CPU
		{B89A4DDF-AEB3-49ED-AFCE-4E2D6C2C244C}.Release|Any CPU.ActiveCfg = Release|Any CPU
		{B89A4DDF-AEB3-49ED-AFCE-4E2D6C2C244C}.Release|Any CPU.Build.0 = Release|Any CPU
		{B89A4DDF-AEB3-49ED-AFCE-4E2D6C2C244C}.Release|Any CPU.Deploy.0 = Release|Any CPU
		{B89A4DDF-AEB3-49ED-AFCE-4E2D6C2C244C}.Release|ARM.ActiveCfg = Release|Any CPU
		{B89A4DDF-AEB3-49ED-AFCE-4E2D6C2C244C}.Release|ARM.Build.0 = Release|Any CPU
		{B89A4DDF-AEB3-49ED-AFCE-4E2D6C2C244C}.Release|ARM.Deploy.0 = Release|Any CPU
		{B89A4DDF-AEB3-49ED-AFCE-4E2D6C2C244C}.Release|ARM64.ActiveCfg = Release|Any CPU
		{B89A4DDF-AEB3-49ED-AFCE-4E2D6C2C244C}.Release|ARM64.Build.0 = Release|Any CPU
		{B89A4DDF-AEB3-49ED-AFCE-4E2D6C2C244C}.Release|ARM64.Deploy.0 = Release|Any CPU
		{B89A4DDF-AEB3-49ED-AFCE-4E2D6C2C244C}.Release|x64.ActiveCfg = Release|Any CPU
		{B89A4DDF-AEB3-49ED-AFCE-4E2D6C2C244C}.Release|x64.Build.0 = Release|Any CPU
		{B89A4DDF-AEB3-49ED-AFCE-4E2D6C2C244C}.Release|x64.Deploy.0 = Release|Any CPU
		{B89A4DDF-AEB3-49ED-AFCE-4E2D6C2C244C}.Release|x86.ActiveCfg = Release|Any CPU
		{B89A4DDF-AEB3-49ED-AFCE-4E2D6C2C244C}.Release|x86.Build.0 = Release|Any CPU
		{B89A4DDF-AEB3-49ED-AFCE-4E2D6C2C244C}.Release|x86.Deploy.0 = Release|Any CPU
		{F4AEE773-B1D2-4CAA-8175-D11943DB7AC7}.Debug|Any CPU.ActiveCfg = Debug|Any CPU
		{F4AEE773-B1D2-4CAA-8175-D11943DB7AC7}.Debug|Any CPU.Build.0 = Debug|Any CPU
		{F4AEE773-B1D2-4CAA-8175-D11943DB7AC7}.Debug|Any CPU.Deploy.0 = Debug|Any CPU
		{F4AEE773-B1D2-4CAA-8175-D11943DB7AC7}.Debug|ARM.ActiveCfg = Debug|Any CPU
		{F4AEE773-B1D2-4CAA-8175-D11943DB7AC7}.Debug|ARM.Build.0 = Debug|Any CPU
		{F4AEE773-B1D2-4CAA-8175-D11943DB7AC7}.Debug|ARM.Deploy.0 = Debug|Any CPU
		{F4AEE773-B1D2-4CAA-8175-D11943DB7AC7}.Debug|ARM64.ActiveCfg = Debug|Any CPU
		{F4AEE773-B1D2-4CAA-8175-D11943DB7AC7}.Debug|ARM64.Build.0 = Debug|Any CPU
		{F4AEE773-B1D2-4CAA-8175-D11943DB7AC7}.Debug|ARM64.Deploy.0 = Debug|Any CPU
		{F4AEE773-B1D2-4CAA-8175-D11943DB7AC7}.Debug|x64.ActiveCfg = Debug|Any CPU
		{F4AEE773-B1D2-4CAA-8175-D11943DB7AC7}.Debug|x64.Build.0 = Debug|Any CPU
		{F4AEE773-B1D2-4CAA-8175-D11943DB7AC7}.Debug|x64.Deploy.0 = Debug|Any CPU
		{F4AEE773-B1D2-4CAA-8175-D11943DB7AC7}.Debug|x86.ActiveCfg = Debug|Any CPU
		{F4AEE773-B1D2-4CAA-8175-D11943DB7AC7}.Debug|x86.Build.0 = Debug|Any CPU
		{F4AEE773-B1D2-4CAA-8175-D11943DB7AC7}.Debug|x86.Deploy.0 = Debug|Any CPU
		{F4AEE773-B1D2-4CAA-8175-D11943DB7AC7}.Release|Any CPU.ActiveCfg = Release|Any CPU
		{F4AEE773-B1D2-4CAA-8175-D11943DB7AC7}.Release|Any CPU.Build.0 = Release|Any CPU
		{F4AEE773-B1D2-4CAA-8175-D11943DB7AC7}.Release|ARM.ActiveCfg = Release|Any CPU
		{F4AEE773-B1D2-4CAA-8175-D11943DB7AC7}.Release|ARM.Build.0 = Release|Any CPU
		{F4AEE773-B1D2-4CAA-8175-D11943DB7AC7}.Release|ARM.Deploy.0 = Release|Any CPU
		{F4AEE773-B1D2-4CAA-8175-D11943DB7AC7}.Release|ARM64.ActiveCfg = Release|Any CPU
		{F4AEE773-B1D2-4CAA-8175-D11943DB7AC7}.Release|ARM64.Build.0 = Release|Any CPU
		{F4AEE773-B1D2-4CAA-8175-D11943DB7AC7}.Release|ARM64.Deploy.0 = Release|Any CPU
		{F4AEE773-B1D2-4CAA-8175-D11943DB7AC7}.Release|x64.ActiveCfg = Release|Any CPU
		{F4AEE773-B1D2-4CAA-8175-D11943DB7AC7}.Release|x64.Build.0 = Release|Any CPU
		{F4AEE773-B1D2-4CAA-8175-D11943DB7AC7}.Release|x64.Deploy.0 = Release|Any CPU
		{F4AEE773-B1D2-4CAA-8175-D11943DB7AC7}.Release|x86.ActiveCfg = Release|Any CPU
		{F4AEE773-B1D2-4CAA-8175-D11943DB7AC7}.Release|x86.Build.0 = Release|Any CPU
		{F4AEE773-B1D2-4CAA-8175-D11943DB7AC7}.Release|x86.Deploy.0 = Release|Any CPU
		{CDDEEA7B-3A95-4DD3-B85B-61C4118298AE}.Debug|Any CPU.ActiveCfg = Debug|Any CPU
		{CDDEEA7B-3A95-4DD3-B85B-61C4118298AE}.Debug|Any CPU.Build.0 = Debug|Any CPU
		{CDDEEA7B-3A95-4DD3-B85B-61C4118298AE}.Debug|ARM.ActiveCfg = Debug|Any CPU
		{CDDEEA7B-3A95-4DD3-B85B-61C4118298AE}.Debug|ARM.Build.0 = Debug|Any CPU
		{CDDEEA7B-3A95-4DD3-B85B-61C4118298AE}.Debug|ARM.Deploy.0 = Debug|Any CPU
		{CDDEEA7B-3A95-4DD3-B85B-61C4118298AE}.Debug|ARM64.ActiveCfg = Debug|Any CPU
		{CDDEEA7B-3A95-4DD3-B85B-61C4118298AE}.Debug|ARM64.Build.0 = Debug|Any CPU
		{CDDEEA7B-3A95-4DD3-B85B-61C4118298AE}.Debug|ARM64.Deploy.0 = Debug|Any CPU
		{CDDEEA7B-3A95-4DD3-B85B-61C4118298AE}.Debug|x64.ActiveCfg = Debug|Any CPU
		{CDDEEA7B-3A95-4DD3-B85B-61C4118298AE}.Debug|x64.Build.0 = Debug|Any CPU
		{CDDEEA7B-3A95-4DD3-B85B-61C4118298AE}.Debug|x64.Deploy.0 = Debug|Any CPU
		{CDDEEA7B-3A95-4DD3-B85B-61C4118298AE}.Debug|x86.ActiveCfg = Debug|Any CPU
		{CDDEEA7B-3A95-4DD3-B85B-61C4118298AE}.Debug|x86.Build.0 = Debug|Any CPU
		{CDDEEA7B-3A95-4DD3-B85B-61C4118298AE}.Debug|x86.Deploy.0 = Debug|Any CPU
		{CDDEEA7B-3A95-4DD3-B85B-61C4118298AE}.Release|Any CPU.ActiveCfg = Release|Any CPU
		{CDDEEA7B-3A95-4DD3-B85B-61C4118298AE}.Release|Any CPU.Build.0 = Release|Any CPU
		{CDDEEA7B-3A95-4DD3-B85B-61C4118298AE}.Release|ARM.ActiveCfg = Release|Any CPU
		{CDDEEA7B-3A95-4DD3-B85B-61C4118298AE}.Release|ARM.Build.0 = Release|Any CPU
		{CDDEEA7B-3A95-4DD3-B85B-61C4118298AE}.Release|ARM.Deploy.0 = Release|Any CPU
		{CDDEEA7B-3A95-4DD3-B85B-61C4118298AE}.Release|ARM64.ActiveCfg = Release|Any CPU
		{CDDEEA7B-3A95-4DD3-B85B-61C4118298AE}.Release|ARM64.Build.0 = Release|Any CPU
		{CDDEEA7B-3A95-4DD3-B85B-61C4118298AE}.Release|ARM64.Deploy.0 = Release|Any CPU
		{CDDEEA7B-3A95-4DD3-B85B-61C4118298AE}.Release|x64.ActiveCfg = Release|Any CPU
		{CDDEEA7B-3A95-4DD3-B85B-61C4118298AE}.Release|x64.Build.0 = Release|Any CPU
		{CDDEEA7B-3A95-4DD3-B85B-61C4118298AE}.Release|x64.Deploy.0 = Release|Any CPU
		{CDDEEA7B-3A95-4DD3-B85B-61C4118298AE}.Release|x86.ActiveCfg = Release|Any CPU
		{CDDEEA7B-3A95-4DD3-B85B-61C4118298AE}.Release|x86.Build.0 = Release|Any CPU
		{CDDEEA7B-3A95-4DD3-B85B-61C4118298AE}.Release|x86.Deploy.0 = Release|Any CPU
		{CEA1709C-8385-41D7-A699-D76BB66045F8}.Debug|Any CPU.ActiveCfg = Debug|Any CPU
		{CEA1709C-8385-41D7-A699-D76BB66045F8}.Debug|Any CPU.Build.0 = Debug|Any CPU
		{CEA1709C-8385-41D7-A699-D76BB66045F8}.Debug|ARM.ActiveCfg = Debug|Any CPU
		{CEA1709C-8385-41D7-A699-D76BB66045F8}.Debug|ARM.Build.0 = Debug|Any CPU
		{CEA1709C-8385-41D7-A699-D76BB66045F8}.Debug|ARM.Deploy.0 = Debug|Any CPU
		{CEA1709C-8385-41D7-A699-D76BB66045F8}.Debug|ARM64.ActiveCfg = Debug|Any CPU
		{CEA1709C-8385-41D7-A699-D76BB66045F8}.Debug|ARM64.Build.0 = Debug|Any CPU
		{CEA1709C-8385-41D7-A699-D76BB66045F8}.Debug|ARM64.Deploy.0 = Debug|Any CPU
		{CEA1709C-8385-41D7-A699-D76BB66045F8}.Debug|x64.ActiveCfg = Debug|Any CPU
		{CEA1709C-8385-41D7-A699-D76BB66045F8}.Debug|x64.Build.0 = Debug|Any CPU
		{CEA1709C-8385-41D7-A699-D76BB66045F8}.Debug|x64.Deploy.0 = Debug|Any CPU
		{CEA1709C-8385-41D7-A699-D76BB66045F8}.Debug|x86.ActiveCfg = Debug|Any CPU
		{CEA1709C-8385-41D7-A699-D76BB66045F8}.Debug|x86.Build.0 = Debug|Any CPU
		{CEA1709C-8385-41D7-A699-D76BB66045F8}.Debug|x86.Deploy.0 = Debug|Any CPU
		{CEA1709C-8385-41D7-A699-D76BB66045F8}.Release|Any CPU.ActiveCfg = Release|Any CPU
		{CEA1709C-8385-41D7-A699-D76BB66045F8}.Release|Any CPU.Build.0 = Release|Any CPU
		{CEA1709C-8385-41D7-A699-D76BB66045F8}.Release|ARM.ActiveCfg = Release|Any CPU
		{CEA1709C-8385-41D7-A699-D76BB66045F8}.Release|ARM.Build.0 = Release|Any CPU
		{CEA1709C-8385-41D7-A699-D76BB66045F8}.Release|ARM.Deploy.0 = Release|Any CPU
		{CEA1709C-8385-41D7-A699-D76BB66045F8}.Release|ARM64.ActiveCfg = Release|Any CPU
		{CEA1709C-8385-41D7-A699-D76BB66045F8}.Release|ARM64.Build.0 = Release|Any CPU
		{CEA1709C-8385-41D7-A699-D76BB66045F8}.Release|ARM64.Deploy.0 = Release|Any CPU
		{CEA1709C-8385-41D7-A699-D76BB66045F8}.Release|x64.ActiveCfg = Release|Any CPU
		{CEA1709C-8385-41D7-A699-D76BB66045F8}.Release|x64.Build.0 = Release|Any CPU
		{CEA1709C-8385-41D7-A699-D76BB66045F8}.Release|x64.Deploy.0 = Release|Any CPU
		{CEA1709C-8385-41D7-A699-D76BB66045F8}.Release|x86.ActiveCfg = Release|Any CPU
		{CEA1709C-8385-41D7-A699-D76BB66045F8}.Release|x86.Build.0 = Release|Any CPU
		{CEA1709C-8385-41D7-A699-D76BB66045F8}.Release|x86.Deploy.0 = Release|Any CPU
		{65283CCC-9807-4A00-8F07-F34C9E5B4D48}.Debug|Any CPU.ActiveCfg = Debug|Any CPU
		{65283CCC-9807-4A00-8F07-F34C9E5B4D48}.Debug|Any CPU.Build.0 = Debug|Any CPU
		{65283CCC-9807-4A00-8F07-F34C9E5B4D48}.Debug|Any CPU.Deploy.0 = Debug|Any CPU
		{65283CCC-9807-4A00-8F07-F34C9E5B4D48}.Debug|ARM.ActiveCfg = Debug|Any CPU
		{65283CCC-9807-4A00-8F07-F34C9E5B4D48}.Debug|ARM.Build.0 = Debug|Any CPU
		{65283CCC-9807-4A00-8F07-F34C9E5B4D48}.Debug|ARM.Deploy.0 = Debug|Any CPU
		{65283CCC-9807-4A00-8F07-F34C9E5B4D48}.Debug|ARM64.ActiveCfg = Debug|Any CPU
		{65283CCC-9807-4A00-8F07-F34C9E5B4D48}.Debug|ARM64.Build.0 = Debug|Any CPU
		{65283CCC-9807-4A00-8F07-F34C9E5B4D48}.Debug|ARM64.Deploy.0 = Debug|Any CPU
		{65283CCC-9807-4A00-8F07-F34C9E5B4D48}.Debug|x64.ActiveCfg = Debug|Any CPU
		{65283CCC-9807-4A00-8F07-F34C9E5B4D48}.Debug|x64.Build.0 = Debug|Any CPU
		{65283CCC-9807-4A00-8F07-F34C9E5B4D48}.Debug|x64.Deploy.0 = Debug|Any CPU
		{65283CCC-9807-4A00-8F07-F34C9E5B4D48}.Debug|x86.ActiveCfg = Debug|Any CPU
		{65283CCC-9807-4A00-8F07-F34C9E5B4D48}.Debug|x86.Build.0 = Debug|Any CPU
		{65283CCC-9807-4A00-8F07-F34C9E5B4D48}.Debug|x86.Deploy.0 = Debug|Any CPU
		{65283CCC-9807-4A00-8F07-F34C9E5B4D48}.Release|Any CPU.ActiveCfg = Release|Any CPU
		{65283CCC-9807-4A00-8F07-F34C9E5B4D48}.Release|Any CPU.Build.0 = Release|Any CPU
		{65283CCC-9807-4A00-8F07-F34C9E5B4D48}.Release|Any CPU.Deploy.0 = Release|Any CPU
		{65283CCC-9807-4A00-8F07-F34C9E5B4D48}.Release|ARM.ActiveCfg = Release|Any CPU
		{65283CCC-9807-4A00-8F07-F34C9E5B4D48}.Release|ARM.Build.0 = Release|Any CPU
		{65283CCC-9807-4A00-8F07-F34C9E5B4D48}.Release|ARM.Deploy.0 = Release|Any CPU
		{65283CCC-9807-4A00-8F07-F34C9E5B4D48}.Release|ARM64.ActiveCfg = Release|Any CPU
		{65283CCC-9807-4A00-8F07-F34C9E5B4D48}.Release|ARM64.Build.0 = Release|Any CPU
		{65283CCC-9807-4A00-8F07-F34C9E5B4D48}.Release|ARM64.Deploy.0 = Release|Any CPU
		{65283CCC-9807-4A00-8F07-F34C9E5B4D48}.Release|x64.ActiveCfg = Release|Any CPU
		{65283CCC-9807-4A00-8F07-F34C9E5B4D48}.Release|x64.Build.0 = Release|Any CPU
		{65283CCC-9807-4A00-8F07-F34C9E5B4D48}.Release|x64.Deploy.0 = Release|Any CPU
		{65283CCC-9807-4A00-8F07-F34C9E5B4D48}.Release|x86.ActiveCfg = Release|Any CPU
		{65283CCC-9807-4A00-8F07-F34C9E5B4D48}.Release|x86.Build.0 = Release|Any CPU
		{65283CCC-9807-4A00-8F07-F34C9E5B4D48}.Release|x86.Deploy.0 = Release|Any CPU
		{BF1D65D1-7166-4AB8-843A-087C006DC2B3}.Debug|Any CPU.ActiveCfg = Debug|Any CPU
		{BF1D65D1-7166-4AB8-843A-087C006DC2B3}.Debug|Any CPU.Build.0 = Debug|Any CPU
		{BF1D65D1-7166-4AB8-843A-087C006DC2B3}.Debug|ARM.ActiveCfg = Debug|Any CPU
		{BF1D65D1-7166-4AB8-843A-087C006DC2B3}.Debug|ARM.Build.0 = Debug|Any CPU
		{BF1D65D1-7166-4AB8-843A-087C006DC2B3}.Debug|ARM64.ActiveCfg = Debug|Any CPU
		{BF1D65D1-7166-4AB8-843A-087C006DC2B3}.Debug|ARM64.Build.0 = Debug|Any CPU
		{BF1D65D1-7166-4AB8-843A-087C006DC2B3}.Debug|x64.ActiveCfg = Debug|Any CPU
		{BF1D65D1-7166-4AB8-843A-087C006DC2B3}.Debug|x64.Build.0 = Debug|Any CPU
		{BF1D65D1-7166-4AB8-843A-087C006DC2B3}.Debug|x86.ActiveCfg = Debug|Any CPU
		{BF1D65D1-7166-4AB8-843A-087C006DC2B3}.Debug|x86.Build.0 = Debug|Any CPU
		{BF1D65D1-7166-4AB8-843A-087C006DC2B3}.Release|Any CPU.ActiveCfg = Release|Any CPU
		{BF1D65D1-7166-4AB8-843A-087C006DC2B3}.Release|Any CPU.Build.0 = Release|Any CPU
		{BF1D65D1-7166-4AB8-843A-087C006DC2B3}.Release|ARM.ActiveCfg = Release|Any CPU
		{BF1D65D1-7166-4AB8-843A-087C006DC2B3}.Release|ARM.Build.0 = Release|Any CPU
		{BF1D65D1-7166-4AB8-843A-087C006DC2B3}.Release|ARM64.ActiveCfg = Release|Any CPU
		{BF1D65D1-7166-4AB8-843A-087C006DC2B3}.Release|ARM64.Build.0 = Release|Any CPU
		{BF1D65D1-7166-4AB8-843A-087C006DC2B3}.Release|x64.ActiveCfg = Release|Any CPU
		{BF1D65D1-7166-4AB8-843A-087C006DC2B3}.Release|x64.Build.0 = Release|Any CPU
		{BF1D65D1-7166-4AB8-843A-087C006DC2B3}.Release|x86.ActiveCfg = Release|Any CPU
		{BF1D65D1-7166-4AB8-843A-087C006DC2B3}.Release|x86.Build.0 = Release|Any CPU
		{03A3212B-9854-4818-8E3C-820EF3BB4BA7}.Debug|Any CPU.ActiveCfg = Debug|Any CPU
		{03A3212B-9854-4818-8E3C-820EF3BB4BA7}.Debug|Any CPU.Build.0 = Debug|Any CPU
		{03A3212B-9854-4818-8E3C-820EF3BB4BA7}.Debug|Any CPU.Deploy.0 = Debug|Any CPU
		{03A3212B-9854-4818-8E3C-820EF3BB4BA7}.Debug|ARM.ActiveCfg = Debug|Any CPU
		{03A3212B-9854-4818-8E3C-820EF3BB4BA7}.Debug|ARM.Build.0 = Debug|Any CPU
		{03A3212B-9854-4818-8E3C-820EF3BB4BA7}.Debug|ARM.Deploy.0 = Debug|Any CPU
		{03A3212B-9854-4818-8E3C-820EF3BB4BA7}.Debug|ARM64.ActiveCfg = Debug|Any CPU
		{03A3212B-9854-4818-8E3C-820EF3BB4BA7}.Debug|ARM64.Build.0 = Debug|Any CPU
		{03A3212B-9854-4818-8E3C-820EF3BB4BA7}.Debug|ARM64.Deploy.0 = Debug|Any CPU
		{03A3212B-9854-4818-8E3C-820EF3BB4BA7}.Debug|x64.ActiveCfg = Debug|Any CPU
		{03A3212B-9854-4818-8E3C-820EF3BB4BA7}.Debug|x64.Build.0 = Debug|Any CPU
		{03A3212B-9854-4818-8E3C-820EF3BB4BA7}.Debug|x64.Deploy.0 = Debug|Any CPU
		{03A3212B-9854-4818-8E3C-820EF3BB4BA7}.Debug|x86.ActiveCfg = Debug|Any CPU
		{03A3212B-9854-4818-8E3C-820EF3BB4BA7}.Debug|x86.Build.0 = Debug|Any CPU
		{03A3212B-9854-4818-8E3C-820EF3BB4BA7}.Debug|x86.Deploy.0 = Debug|Any CPU
		{03A3212B-9854-4818-8E3C-820EF3BB4BA7}.Release|Any CPU.ActiveCfg = Release|Any CPU
		{03A3212B-9854-4818-8E3C-820EF3BB4BA7}.Release|Any CPU.Build.0 = Release|Any CPU
		{03A3212B-9854-4818-8E3C-820EF3BB4BA7}.Release|Any CPU.Deploy.0 = Release|Any CPU
		{03A3212B-9854-4818-8E3C-820EF3BB4BA7}.Release|ARM.ActiveCfg = Release|Any CPU
		{03A3212B-9854-4818-8E3C-820EF3BB4BA7}.Release|ARM.Build.0 = Release|Any CPU
		{03A3212B-9854-4818-8E3C-820EF3BB4BA7}.Release|ARM.Deploy.0 = Release|Any CPU
		{03A3212B-9854-4818-8E3C-820EF3BB4BA7}.Release|ARM64.ActiveCfg = Release|Any CPU
		{03A3212B-9854-4818-8E3C-820EF3BB4BA7}.Release|ARM64.Build.0 = Release|Any CPU
		{03A3212B-9854-4818-8E3C-820EF3BB4BA7}.Release|ARM64.Deploy.0 = Release|Any CPU
		{03A3212B-9854-4818-8E3C-820EF3BB4BA7}.Release|x64.ActiveCfg = Release|Any CPU
		{03A3212B-9854-4818-8E3C-820EF3BB4BA7}.Release|x64.Build.0 = Release|Any CPU
		{03A3212B-9854-4818-8E3C-820EF3BB4BA7}.Release|x64.Deploy.0 = Release|Any CPU
		{03A3212B-9854-4818-8E3C-820EF3BB4BA7}.Release|x86.ActiveCfg = Release|Any CPU
		{03A3212B-9854-4818-8E3C-820EF3BB4BA7}.Release|x86.Build.0 = Release|Any CPU
		{03A3212B-9854-4818-8E3C-820EF3BB4BA7}.Release|x86.Deploy.0 = Release|Any CPU
	EndGlobalSection
	GlobalSection(SolutionProperties) = preSolution
		HideSolutionNode = FALSE
	EndGlobalSection
	GlobalSection(NestedProjects) = preSolution
		{F4AEE773-B1D2-4CAA-8175-D11943DB7AC7} = {16CE119A-7F4A-45F7-9EA9-4955B5D6C0C5}
		{3B1CBA78-7756-4FE2-A24C-A0655AC3D3E9} = {16CE119A-7F4A-45F7-9EA9-4955B5D6C0C5}
		{CDDEEA7B-3A95-4DD3-B85B-61C4118298AE} = {3B1CBA78-7756-4FE2-A24C-A0655AC3D3E9}
		{CEA1709C-8385-41D7-A699-D76BB66045F8} = {3B1CBA78-7756-4FE2-A24C-A0655AC3D3E9}
		{65283CCC-9807-4A00-8F07-F34C9E5B4D48} = {16CE119A-7F4A-45F7-9EA9-4955B5D6C0C5}
		{BF1D65D1-7166-4AB8-843A-087C006DC2B3} = {F623A1BD-2203-48F5-BD56-0376F3A0DA4A}
		{03A3212B-9854-4818-8E3C-820EF3BB4BA7} = {F623A1BD-2203-48F5-BD56-0376F3A0DA4A}
		{16CE119A-7F4A-45F7-9EA9-4955B5D6C0C5} = {F623A1BD-2203-48F5-BD56-0376F3A0DA4A}
	EndGlobalSection
	GlobalSection(ExtensibilityGlobals) = postSolution
		SolutionGuid = {5EC10676-714D-4A88-AE8C-79DAB8F783B4}
	EndGlobalSection
EndGlobal
